
Microsoft Visual Studio Solution File, Format Version 12.00
# Visual Studio Version 17
VisualStudioVersion = 17.8.34330.188
MinimumVisualStudioVersion = 10.0.40219.1
Project("{FAE04EC0-301F-11D3-BF4B-00C04F79EFBC}") = "ChatRoom.Api", "ChatRoom.Api\ChatRoom.Api.csproj", "{8A17E5B9-BD06-40A5-B452-2F6A61BF0F0F}"
EndProject
Global
	GlobalSection(SolutionConfigurationPlatforms) = preSolution
		Debug|Any CPU = Debug|Any CPU
		Release|Any CPU = Release|Any CPU
	EndGlobalSection
	GlobalSection(ProjectConfigurationPlatforms) = postSolution
		{8A17E5B9-BD06-40A5-B452-2F6A61BF0F0F}.Debug|Any CPU.ActiveCfg = Debug|Any CPU
		{8A17E5B9-BD06-40A5-B452-2F6A61BF0F0F}.Debug|Any CPU.Build.0 = Debug|Any CPU
		{8A17E5B9-BD06-40A5-B452-2F6A61BF0F0F}.Release|Any CPU.ActiveCfg = Release|Any CPU
		{8A17E5B9-BD06-40A5-B452-2F6A61BF0F0F}.Release|Any CPU.Build.0 = Release|Any CPU
	EndGlobalSection
	GlobalSection(SolutionProperties) = preSolution
		HideSolutionNode = FALSE
	EndGlobalSection
	GlobalSection(ExtensibilityGlobals) = postSolution
		SolutionGuid = {6098AE4E-E024-4D67-9EC4-B4041875BC92}
	EndGlobalSection
EndGlobal
